
Microsoft Visual Studio Solution File, Format Version 12.00
# Visual Studio 15
VisualStudioVersion = 15.0.26228.9
MinimumVisualStudioVersion = 10.0.40219.1
Project("{9A19103F-16F7-4668-BE54-9A1E7A4F7556}") = "BalancedBrackets", "BalancedBrackets\BalancedBrackets.csproj", "{2BF028DC-5E0E-433E-99FD-D846C0519E9A}"
EndProject
Project("{9A19103F-16F7-4668-BE54-9A1E7A4F7556}") = "IsBinarySearchTree", "IsBinarySearchTree\IsBinarySearchTree.csproj", "{558AF689-D0D0-48E9-A7B1-62356A4CD5EA}"
EndProject
Project("{9A19103F-16F7-4668-BE54-9A1E7A4F7556}") = "RansomNote", "RansomNote\RansomNote.csproj", "{84A0E74A-8B9F-4E6A-8CE8-63998EDC4480}"
EndProject
Project("{9A19103F-16F7-4668-BE54-9A1E7A4F7556}") = "Strings.MakingAnagrams", "Strings.MakingAnagrams\Strings.MakingAnagrams.csproj", "{7BC470F3-924F-4905-A58C-E41F7E6D4DB3}"
EndProject
Project("{9A19103F-16F7-4668-BE54-9A1E7A4F7556}") = "Tests", "Tests\Tests.csproj", "{00810465-6E30-45B7-AA97-1C9138846369}"
EndProject
Project("{9A19103F-16F7-4668-BE54-9A1E7A4F7556}") = "Tries.Contacts", "Tries.Contacts\Tries.Contacts.csproj", "{710DFDC1-6BB7-47EF-B99F-1D750A7CA0E0}"
EndProject
Project("{FAE04EC0-301F-11D3-BF4B-00C04F79EFBC}") = "DetectCycle", "DetectCycle\DetectCycle.csproj", "{458631A2-2B75-48D2-A909-CDE90BEC38CC}"
EndProject
Project("{FAE04EC0-301F-11D3-BF4B-00C04F79EFBC}") = "Comparator", "Comparator\Comparator.csproj", "{82CE7213-CF07-446C-82BE-D00E97734B8B}"
EndProject
Project("{FAE04EC0-301F-11D3-BF4B-00C04F79EFBC}") = "FibonacciNumbers", "FibonacciNumbers\FibonacciNumbers.csproj", "{EA49487B-7DBB-4249-9F77-BF6D84CA5C83}"
EndProject
Project("{FAE04EC0-301F-11D3-BF4B-00C04F79EFBC}") = "BitManipulation", "BitManipulation\BitManipulation.csproj", "{F1A3F18C-BE74-481D-B95C-D9F0A54F18BB}"
EndProject
Project("{FAE04EC0-301F-11D3-BF4B-00C04F79EFBC}") = "DavidStaircase", "DavidStaircase\DavidStaircase.csproj", "{92ABEDAA-888B-46C7-A7F3-C0A3F5A028D9}"
EndProject
Project("{FAE04EC0-301F-11D3-BF4B-00C04F79EFBC}") = "CoinChange", "CoinChange\CoinChange.csproj", "{0B32CAA0-F37B-42B5-A91B-D58A180700D6}"
EndProject
Global
	GlobalSection(SolutionConfigurationPlatforms) = preSolution
		Debug|Any CPU = Debug|Any CPU
		Release|Any CPU = Release|Any CPU
	EndGlobalSection
	GlobalSection(ProjectConfigurationPlatforms) = postSolution
		{2BF028DC-5E0E-433E-99FD-D846C0519E9A}.Debug|Any CPU.ActiveCfg = Debug|Any CPU
		{2BF028DC-5E0E-433E-99FD-D846C0519E9A}.Debug|Any CPU.Build.0 = Debug|Any CPU
		{2BF028DC-5E0E-433E-99FD-D846C0519E9A}.Release|Any CPU.ActiveCfg = Release|Any CPU
		{2BF028DC-5E0E-433E-99FD-D846C0519E9A}.Release|Any CPU.Build.0 = Release|Any CPU
		{558AF689-D0D0-48E9-A7B1-62356A4CD5EA}.Debug|Any CPU.ActiveCfg = Debug|Any CPU
		{558AF689-D0D0-48E9-A7B1-62356A4CD5EA}.Debug|Any CPU.Build.0 = Debug|Any CPU
		{558AF689-D0D0-48E9-A7B1-62356A4CD5EA}.Release|Any CPU.ActiveCfg = Release|Any CPU
		{558AF689-D0D0-48E9-A7B1-62356A4CD5EA}.Release|Any CPU.Build.0 = Release|Any CPU
		{84A0E74A-8B9F-4E6A-8CE8-63998EDC4480}.Debug|Any CPU.ActiveCfg = Debug|Any CPU
		{84A0E74A-8B9F-4E6A-8CE8-63998EDC4480}.Debug|Any CPU.Build.0 = Debug|Any CPU
		{84A0E74A-8B9F-4E6A-8CE8-63998EDC4480}.Release|Any CPU.ActiveCfg = Release|Any CPU
		{84A0E74A-8B9F-4E6A-8CE8-63998EDC4480}.Release|Any CPU.Build.0 = Release|Any CPU
		{7BC470F3-924F-4905-A58C-E41F7E6D4DB3}.Debug|Any CPU.ActiveCfg = Debug|Any CPU
		{7BC470F3-924F-4905-A58C-E41F7E6D4DB3}.Debug|Any CPU.Build.0 = Debug|Any CPU
		{7BC470F3-924F-4905-A58C-E41F7E6D4DB3}.Release|Any CPU.ActiveCfg = Release|Any CPU
		{7BC470F3-924F-4905-A58C-E41F7E6D4DB3}.Release|Any CPU.Build.0 = Release|Any CPU
		{00810465-6E30-45B7-AA97-1C9138846369}.Debug|Any CPU.ActiveCfg = Debug|Any CPU
		{00810465-6E30-45B7-AA97-1C9138846369}.Debug|Any CPU.Build.0 = Debug|Any CPU
		{00810465-6E30-45B7-AA97-1C9138846369}.Release|Any CPU.ActiveCfg = Release|Any CPU
		{00810465-6E30-45B7-AA97-1C9138846369}.Release|Any CPU.Build.0 = Release|Any CPU
		{710DFDC1-6BB7-47EF-B99F-1D750A7CA0E0}.Debug|Any CPU.ActiveCfg = Debug|Any CPU
		{710DFDC1-6BB7-47EF-B99F-1D750A7CA0E0}.Debug|Any CPU.Build.0 = Debug|Any CPU
		{710DFDC1-6BB7-47EF-B99F-1D750A7CA0E0}.Release|Any CPU.ActiveCfg = Release|Any CPU
		{710DFDC1-6BB7-47EF-B99F-1D750A7CA0E0}.Release|Any CPU.Build.0 = Release|Any CPU
		{458631A2-2B75-48D2-A909-CDE90BEC38CC}.Debug|Any CPU.ActiveCfg = Debug|Any CPU
		{458631A2-2B75-48D2-A909-CDE90BEC38CC}.Debug|Any CPU.Build.0 = Debug|Any CPU
		{458631A2-2B75-48D2-A909-CDE90BEC38CC}.Release|Any CPU.ActiveCfg = Release|Any CPU
		{458631A2-2B75-48D2-A909-CDE90BEC38CC}.Release|Any CPU.Build.0 = Release|Any CPU
		{82CE7213-CF07-446C-82BE-D00E97734B8B}.Debug|Any CPU.ActiveCfg = Debug|Any CPU
		{82CE7213-CF07-446C-82BE-D00E97734B8B}.Debug|Any CPU.Build.0 = Debug|Any CPU
		{82CE7213-CF07-446C-82BE-D00E97734B8B}.Release|Any CPU.ActiveCfg = Release|Any CPU
		{82CE7213-CF07-446C-82BE-D00E97734B8B}.Release|Any CPU.Build.0 = Release|Any CPU
		{EA49487B-7DBB-4249-9F77-BF6D84CA5C83}.Debug|Any CPU.ActiveCfg = Debug|Any CPU
		{EA49487B-7DBB-4249-9F77-BF6D84CA5C83}.Debug|Any CPU.Build.0 = Debug|Any CPU
		{EA49487B-7DBB-4249-9F77-BF6D84CA5C83}.Release|Any CPU.ActiveCfg = Release|Any CPU
		{EA49487B-7DBB-4249-9F77-BF6D84CA5C83}.Release|Any CPU.Build.0 = Release|Any CPU
		{F1A3F18C-BE74-481D-B95C-D9F0A54F18BB}.Debug|Any CPU.ActiveCfg = Debug|Any CPU
		{F1A3F18C-BE74-481D-B95C-D9F0A54F18BB}.Debug|Any CPU.Build.0 = Debug|Any CPU
		{F1A3F18C-BE74-481D-B95C-D9F0A54F18BB}.Release|Any CPU.ActiveCfg = Release|Any CPU
		{F1A3F18C-BE74-481D-B95C-D9F0A54F18BB}.Release|Any CPU.Build.0 = Release|Any CPU
		{92ABEDAA-888B-46C7-A7F3-C0A3F5A028D9}.Debug|Any CPU.ActiveCfg = Debug|Any CPU
		{92ABEDAA-888B-46C7-A7F3-C0A3F5A028D9}.Debug|Any CPU.Build.0 = Debug|Any CPU
		{92ABEDAA-888B-46C7-A7F3-C0A3F5A028D9}.Release|Any CPU.ActiveCfg = Release|Any CPU
		{92ABEDAA-888B-46C7-A7F3-C0A3F5A028D9}.Release|Any CPU.Build.0 = Release|Any CPU
		{0B32CAA0-F37B-42B5-A91B-D58A180700D6}.Debug|Any CPU.ActiveCfg = Debug|Any CPU
		{0B32CAA0-F37B-42B5-A91B-D58A180700D6}.Debug|Any CPU.Build.0 = Debug|Any CPU
		{0B32CAA0-F37B-42B5-A91B-D58A180700D6}.Release|Any CPU.ActiveCfg = Release|Any CPU
		{0B32CAA0-F37B-42B5-A91B-D58A180700D6}.Release|Any CPU.Build.0 = Release|Any CPU
	EndGlobalSection
	GlobalSection(SolutionProperties) = preSolution
		HideSolutionNode = FALSE
	EndGlobalSection
EndGlobal
